
Microsoft Visual Studio Solution File, Format Version 12.00
# Visual Studio Version 17
VisualStudioVersion = 17.10.35122.118
MinimumVisualStudioVersion = 10.0.40219.1
Project("{FAE04EC0-301F-11D3-BF4B-00C04F79EFBC}") = "sendbulkemail", "sendbulkemail.csproj", "{CA1B781E-9532-495E-AE94-CA66A155D3AA}"
EndProject
Global
	GlobalSection(SolutionConfigurationPlatforms) = preSolution
		Debug|Any CPU = Debug|Any CPU
		Release|Any CPU = Release|Any CPU
	EndGlobalSection
	GlobalSection(ProjectConfigurationPlatforms) = postSolution
		{CA1B781E-9532-495E-AE94-CA66A155D3AA}.Debug|Any CPU.ActiveCfg = Debug|Any CPU
		{CA1B781E-9532-495E-AE94-CA66A155D3AA}.Debug|Any CPU.Build.0 = Debug|Any CPU
		{CA1B781E-9532-495E-AE94-CA66A155D3AA}.Release|Any CPU.ActiveCfg = Release|Any CPU
		{CA1B781E-9532-495E-AE94-CA66A155D3AA}.Release|Any CPU.Build.0 = Release|Any CPU
	EndGlobalSection
	GlobalSection(SolutionProperties) = preSolution
		HideSolutionNode = FALSE
	EndGlobalSection
	GlobalSection(ExtensibilityGlobals) = postSolution
		SolutionGuid = {3EFCC063-399B-4F9E-B6EF-10CBDDB475A1}
	EndGlobalSection
EndGlobal
